# THIS IS AN AUTOGENERATED FILE. DO NOT EDIT THIS FILE DIRECTLY.
# yarn lockfile v1

"@babel/runtime@^7.1.2", "@babel/runtime@^7.12.5", "@babel/runtime@^7.3.1", "@babel/runtime@^7.4.0", "@babel/runtime@^7.4.4", "@babel/runtime@^7.5.5", "@babel/runtime@^7.8.3", "@babel/runtime@^7.8.7":
  version "7.12.5"
  resolved "https://registry.yarnpkg.com/@babel/runtime/-/runtime-7.12.5.tgz#410e7e487441e1b360c29be715d870d9b985882e"
  integrity sha512-plcc+hbExy3McchJCEQG3knOsuh3HH+Prx1P6cLIkET/0dLuQDEnrT+s27Axgc9bqfsmNUNHfscgMUdBpC9xfg==
  dependencies:
    regenerator-runtime "^0.13.4"

"@bazel/ibazel@^0.12.4":
  version "0.12.4"
  resolved "https://registry.yarnpkg.com/@bazel/ibazel/-/ibazel-0.12.4.tgz#ddda7c8ead6e29dc8d637af446086a750f395218"
  integrity sha512-FzOy+esB/fXVDbAmL6Ce2yCEy+PESZih8GypKhi0B8XzoZHAAn3QNnQcMNwo9PrIfp3G1989nM/JQ1b8jwEinQ==

"@bazel/typescript@^2.2.0":
  version "2.2.1"
  resolved "https://registry.yarnpkg.com/@bazel/typescript/-/typescript-2.2.1.tgz#46d6dcedd91a7fd0421e9286790aff94ec45bece"
  integrity sha512-nFdwkJYzKsmu9IzbQ8Wtt6YI7AlTEv5JHWTbMmZB4HBOi7xjhgFKiq3HQRhZ963EVoJ481Kb6M0wtkzARCb3YA==
  dependencies:
    protobufjs "6.8.8"
    semver "5.6.0"
    source-map-support "0.5.9"
    tsutils "2.27.2"

"@electron/get@^1.0.1":
  version "1.9.0"
  resolved "https://registry.yarnpkg.com/@electron/get/-/get-1.9.0.tgz#7fa6e61d7ff50fb82a8a41f437af7de3b97aa9a5"
  integrity sha512-OBIKtF6ttIJotDXe4KJMUyTBO4xMii+mFjlA8R4CORuD4HvCUaCK3lPjhdTRCvuEv6gzWNbAvd9DNBv0v780lw==
  dependencies:
    debug "^4.1.1"
    env-paths "^2.2.0"
    fs-extra "^8.1.0"
    got "^9.6.0"
    progress "^2.0.3"
    sanitize-filename "^1.6.2"
    sumchecker "^3.0.1"
  optionalDependencies:
    global-agent "^2.0.2"
    global-tunnel-ng "^2.7.1"

"@emotion/hash@^0.8.0":
  version "0.8.0"
  resolved "https://registry.yarnpkg.com/@emotion/hash/-/hash-0.8.0.tgz#bbbff68978fefdbe68ccb533bc8cbe1d1afb5413"
  integrity sha512-kBJtf7PH6aWwZ6fka3zQ0p6SBYzx4fl1LoZXE2RrnYST9Xljm7WfKJrU4g/Xr3Beg72MLrp1AWNUmuYJTL7Cow==

"@material-ui/core@^4.11.0":
  version "4.11.0"
  resolved "https://registry.yarnpkg.com/@material-ui/core/-/core-4.11.0.tgz#b69b26e4553c9e53f2bfaf1053e216a0af9be15a"
  integrity sha512-bYo9uIub8wGhZySHqLQ833zi4ZML+XCBE1XwJ8EuUVSpTWWG57Pm+YugQToJNFsEyiKFhPh8DPD0bgupz8n01g==
  dependencies:
    "@babel/runtime" "^7.4.4"
    "@material-ui/styles" "^4.10.0"
    "@material-ui/system" "^4.9.14"
    "@material-ui/types" "^5.1.0"
    "@material-ui/utils" "^4.10.2"
    "@types/react-transition-group" "^4.2.0"
    clsx "^1.0.4"
    hoist-non-react-statics "^3.3.2"
    popper.js "1.16.1-lts"
    prop-types "^15.7.2"
    react-is "^16.8.0"
    react-transition-group "^4.4.0"
